
Microsoft Visual Studio Solution File, Format Version 12.00
# Visual Studio 15
VisualStudioVersion = 15.0.27703.2042
MinimumVisualStudioVersion = 10.0.40219.1
Project("{FAE04EC0-301F-11D3-BF4B-00C04F79EFBC}") = "Tutorial", "Tutorial\Tutorial.csproj", "{93693741-3BF3-4F4A-9DA0-6AA8BED8E07F}"
EndProject
Project("{FAE04EC0-301F-11D3-BF4B-00C04F79EFBC}") = "TutorialMVC", "TutorialMVC\TutorialMVC.csproj", "{F6511FC2-92A0-4335-A591-9AF53FC31E34}"
EndProject
Global
	GlobalSection(SolutionConfigurationPlatforms) = preSolution
		Debug|Any CPU = Debug|Any CPU
		Release|Any CPU = Release|Any CPU
	EndGlobalSection
	GlobalSection(ProjectConfigurationPlatforms) = postSolution
		{93693741-3BF3-4F4A-9DA0-6AA8BED8E07F}.Debug|Any CPU.ActiveCfg = Debug|Any CPU
		{93693741-3BF3-4F4A-9DA0-6AA8BED8E07F}.Debug|Any CPU.Build.0 = Debug|Any CPU
		{93693741-3BF3-4F4A-9DA0-6AA8BED8E07F}.Release|Any CPU.ActiveCfg = Release|Any CPU
		{93693741-3BF3-4F4A-9DA0-6AA8BED8E07F}.Release|Any CPU.Build.0 = Release|Any CPU
		{F6511FC2-92A0-4335-A591-9AF53FC31E34}.Debug|Any CPU.ActiveCfg = Debug|Any CPU
		{F6511FC2-92A0-4335-A591-9AF53FC31E34}.Debug|Any CPU.Build.0 = Debug|Any CPU
		{F6511FC2-92A0-4335-A591-9AF53FC31E34}.Release|Any CPU.ActiveCfg = Release|Any CPU
		{F6511FC2-92A0-4335-A591-9AF53FC31E34}.Release|Any CPU.Build.0 = Release|Any CPU
	EndGlobalSection
	GlobalSection(SolutionProperties) = preSolution
		HideSolutionNode = FALSE
	EndGlobalSection
	GlobalSection(ExtensibilityGlobals) = postSolution
		SolutionGuid = {85B866FB-4075-4E8D-8325-C28ECBFC120F}
	EndGlobalSection
EndGlobal
