
Microsoft Visual Studio Solution File, Format Version 12.00
# Visual Studio Version 16
VisualStudioVersion = 16.0.30413.136
MinimumVisualStudioVersion = 10.0.40219.1
Project("{FAE04EC0-301F-11D3-BF4B-00C04F79EFBC}") = "CopyWithDIP", "CopyWithDIP\CopyWithDIP.csproj", "{EB66A709-E535-4876-A863-7B7FB0CB2A37}"
EndProject
Global
	GlobalSection(SolutionConfigurationPlatforms) = preSolution
		Debug|Any CPU = Debug|Any CPU
		Release|Any CPU = Release|Any CPU
	EndGlobalSection
	GlobalSection(ProjectConfigurationPlatforms) = postSolution
		{EB66A709-E535-4876-A863-7B7FB0CB2A37}.Debug|Any CPU.ActiveCfg = Debug|Any CPU
		{EB66A709-E535-4876-A863-7B7FB0CB2A37}.Debug|Any CPU.Build.0 = Debug|Any CPU
		{EB66A709-E535-4876-A863-7B7FB0CB2A37}.Release|Any CPU.ActiveCfg = Release|Any CPU
		{EB66A709-E535-4876-A863-7B7FB0CB2A37}.Release|Any CPU.Build.0 = Release|Any CPU
	EndGlobalSection
	GlobalSection(SolutionProperties) = preSolution
		HideSolutionNode = FALSE
	EndGlobalSection
	GlobalSection(ExtensibilityGlobals) = postSolution
		SolutionGuid = {8467299C-A03B-4FFE-AA24-AB981760B9E3}
	EndGlobalSection
EndGlobal
