
Microsoft Visual Studio Solution File, Format Version 12.00
# Visual Studio Version 16
VisualStudioVersion = 16.0.30413.136
MinimumVisualStudioVersion = 10.0.40219.1
Project("{FAE04EC0-301F-11D3-BF4B-00C04F79EFBC}") = "Cohesion", "Cohesion\Cohesion.csproj", "{BBFF2758-F0F9-4606-BA88-C8FA4423B186}"
EndProject
Global
	GlobalSection(SolutionConfigurationPlatforms) = preSolution
		Debug|Any CPU = Debug|Any CPU
		Release|Any CPU = Release|Any CPU
	EndGlobalSection
	GlobalSection(ProjectConfigurationPlatforms) = postSolution
		{BBFF2758-F0F9-4606-BA88-C8FA4423B186}.Debug|Any CPU.ActiveCfg = Debug|Any CPU
		{BBFF2758-F0F9-4606-BA88-C8FA4423B186}.Debug|Any CPU.Build.0 = Debug|Any CPU
		{BBFF2758-F0F9-4606-BA88-C8FA4423B186}.Release|Any CPU.ActiveCfg = Release|Any CPU
		{BBFF2758-F0F9-4606-BA88-C8FA4423B186}.Release|Any CPU.Build.0 = Release|Any CPU
	EndGlobalSection
	GlobalSection(SolutionProperties) = preSolution
		HideSolutionNode = FALSE
	EndGlobalSection
	GlobalSection(ExtensibilityGlobals) = postSolution
		SolutionGuid = {A5299821-81B4-42F4-B3A6-B16A37ACA9F4}
	EndGlobalSection
EndGlobal
