
Microsoft Visual Studio Solution File, Format Version 12.00
# Visual Studio Version 16
VisualStudioVersion = 16.0.30413.136
MinimumVisualStudioVersion = 10.0.40219.1
Project("{FAE04EC0-301F-11D3-BF4B-00C04F79EFBC}") = "ModifyAppEventOCP1", "ModifyAppEventOCP1\ModifyAppEventOCP1.csproj", "{5B200F96-9E17-4CFF-9F91-CB7F26F95A76}"
EndProject
Global
	GlobalSection(SolutionConfigurationPlatforms) = preSolution
		Debug|Any CPU = Debug|Any CPU
		Release|Any CPU = Release|Any CPU
	EndGlobalSection
	GlobalSection(ProjectConfigurationPlatforms) = postSolution
		{5B200F96-9E17-4CFF-9F91-CB7F26F95A76}.Debug|Any CPU.ActiveCfg = Debug|Any CPU
		{5B200F96-9E17-4CFF-9F91-CB7F26F95A76}.Debug|Any CPU.Build.0 = Debug|Any CPU
		{5B200F96-9E17-4CFF-9F91-CB7F26F95A76}.Release|Any CPU.ActiveCfg = Release|Any CPU
		{5B200F96-9E17-4CFF-9F91-CB7F26F95A76}.Release|Any CPU.Build.0 = Release|Any CPU
	EndGlobalSection
	GlobalSection(SolutionProperties) = preSolution
		HideSolutionNode = FALSE
	EndGlobalSection
	GlobalSection(ExtensibilityGlobals) = postSolution
		SolutionGuid = {B74D9A5C-D2D6-4B3C-90AB-75A1541B05FC}
	EndGlobalSection
EndGlobal
