
Microsoft Visual Studio Solution File, Format Version 12.00
# Visual Studio Version 16
VisualStudioVersion = 16.0.30413.136
MinimumVisualStudioVersion = 10.0.40219.1
Project("{FAE04EC0-301F-11D3-BF4B-00C04F79EFBC}") = "ModifyAppEventOCP2", "ModifyAppEventOCP2\ModifyAppEventOCP2.csproj", "{F2CA726C-3A43-4D16-8354-D0A7243528C7}"
EndProject
Global
	GlobalSection(SolutionConfigurationPlatforms) = preSolution
		Debug|Any CPU = Debug|Any CPU
		Release|Any CPU = Release|Any CPU
	EndGlobalSection
	GlobalSection(ProjectConfigurationPlatforms) = postSolution
		{F2CA726C-3A43-4D16-8354-D0A7243528C7}.Debug|Any CPU.ActiveCfg = Debug|Any CPU
		{F2CA726C-3A43-4D16-8354-D0A7243528C7}.Debug|Any CPU.Build.0 = Debug|Any CPU
		{F2CA726C-3A43-4D16-8354-D0A7243528C7}.Release|Any CPU.ActiveCfg = Release|Any CPU
		{F2CA726C-3A43-4D16-8354-D0A7243528C7}.Release|Any CPU.Build.0 = Release|Any CPU
	EndGlobalSection
	GlobalSection(SolutionProperties) = preSolution
		HideSolutionNode = FALSE
	EndGlobalSection
	GlobalSection(ExtensibilityGlobals) = postSolution
		SolutionGuid = {54113569-A274-44BC-82DF-C08A49052790}
	EndGlobalSection
EndGlobal
