
Microsoft Visual Studio Solution File, Format Version 12.00
# Visual Studio Version 16
VisualStudioVersion = 16.0.30413.136
MinimumVisualStudioVersion = 10.0.40219.1
Project("{FAE04EC0-301F-11D3-BF4B-00C04F79EFBC}") = "AllInOnePrinterISP2", "AllInOnePrinterISP2\AllInOnePrinterISP2.csproj", "{CC896310-8F60-4F6B-8FE2-E457FB9D7E01}"
EndProject
Global
	GlobalSection(SolutionConfigurationPlatforms) = preSolution
		Debug|Any CPU = Debug|Any CPU
		Release|Any CPU = Release|Any CPU
	EndGlobalSection
	GlobalSection(ProjectConfigurationPlatforms) = postSolution
		{CC896310-8F60-4F6B-8FE2-E457FB9D7E01}.Debug|Any CPU.ActiveCfg = Debug|Any CPU
		{CC896310-8F60-4F6B-8FE2-E457FB9D7E01}.Debug|Any CPU.Build.0 = Debug|Any CPU
		{CC896310-8F60-4F6B-8FE2-E457FB9D7E01}.Release|Any CPU.ActiveCfg = Release|Any CPU
		{CC896310-8F60-4F6B-8FE2-E457FB9D7E01}.Release|Any CPU.Build.0 = Release|Any CPU
	EndGlobalSection
	GlobalSection(SolutionProperties) = preSolution
		HideSolutionNode = FALSE
	EndGlobalSection
	GlobalSection(ExtensibilityGlobals) = postSolution
		SolutionGuid = {58D4C4EB-BCD4-4CEB-B64F-DEE19E1ECF54}
	EndGlobalSection
EndGlobal
